# This file was autogenerated by Stack.
# You should not edit this file by hand.
# For more information, please see the documentation at:
#   https://docs.haskellstack.org/en/stable/lock_files

packages: []
snapshots:
- completed:
    size: 403241
    url: https://raw.githubusercontent.com/commercialhaskell/stackage-snapshots/master/nightly/2019/10/23.yaml
    sha256: 984a0e7d216460c2e87f8e954ec64acac888a7bf280be6058413a29c925d6776
  original: nightly-2019-10-23
